// !$*UTF8*$!
{
	archiveVersion = 1;
	classes = {
	};
	objectVersion = 77;
	objects = {

/* Begin PBXBuildFile section */
		0320671C7C32109F096E896F /* AuthManager.swift in Sources */ = {isa = PBXBuildFile; fileRef = 21D62D3294A64F463D19BAAD /* AuthManager.swift */; };
		0A1B2C3D4E5F6A7B8C9D0E1F /* ShopResponse.swift in Sources */ = {isa = PBXBuildFile; fileRef = AA1B2C3D4E5F6A7B8C9D0E1F /* ShopResponse.swift */; };
		0A2B3C4D5E6F7A8B9C0D1E2F /* ShopHubView.swift in Sources */ = {isa = PBXBuildFile; fileRef = AA2B3C4D5E6F7A8B9C0D1E2F /* ShopHubView.swift */; };
		0A3B4C5D6E7F8A9B0C1D2E3F /* OrderListView.swift in Sources */ = {isa = PBXBuildFile; fileRef = AA3B4C5D6E7F8A9B0C1D2E3F /* OrderListView.swift */; };
		0A4B5C6D7E8F9A0B1C2D3E4F /* OrderListViewModel.swift in Sources */ = {isa = PBXBuildFile; fileRef = AA4B5C6D7E8F9A0B1C2D3E4F /* OrderListViewModel.swift */; };
		0A5B6C7D8E9F0A1B2C3D4E5F /* OrderDetailView.swift in Sources */ = {isa = PBXBuildFile; fileRef = AA5B6C7D8E9F0A1B2C3D4E5F /* OrderDetailView.swift */; };
		0A6B7C8D9E0F1A2B3C4D5E6F /* ProductListView.swift in Sources */ = {isa = PBXBuildFile; fileRef = AA6B7C8D9E0F1A2B3C4D5E6F /* ProductListView.swift */; };
		0A7B8C9D0E1F2A3B4C5D6E7F /* ProductListViewModel.swift in Sources */ = {isa = PBXBuildFile; fileRef = AA7B8C9D0E1F2A3B4C5D6E7F /* ProductListViewModel.swift */; };
		0A8B9C0D1E2F3A4B5C6D7E8F /* RentalListView.swift in Sources */ = {isa = PBXBuildFile; fileRef = AA8B9C0D1E2F3A4B5C6D7E8F /* RentalListView.swift */; };
		0A9B0C1D2E3F4A5B6C7D8E9F /* RentalListViewModel.swift in Sources */ = {isa = PBXBuildFile; fileRef = AA9B0C1D2E3F4A5B6C7D8E9F /* RentalListViewModel.swift */; };
		0AAB1C2D3E4F5A6B7C8D9E0F /* BookingDetail.swift in Sources */ = {isa = PBXBuildFile; fileRef = AAAB1C2D3E4F5A6B7C8D9E0F /* BookingDetail.swift */; };
		0ABB2C3D4E5F6A7B8C9D0E1F /* OrderActionDetailView.swift in Sources */ = {isa = PBXBuildFile; fileRef = AABB2C3D4E5F6A7B8C9D0E1F /* OrderActionDetailView.swift */; };
		0ACC3C4D5E6F7A8B9C0D1E2F /* InspectionUploadView.swift in Sources */ = {isa = PBXBuildFile; fileRef = AACC3C4D5E6F7A8B9C0D1E2F /* InspectionUploadView.swift */; };
		0ADD4C5D6E7F8A9B0C1D2E3F /* BookingCalendarView.swift in Sources */ = {isa = PBXBuildFile; fileRef = AADD4C5D6E7F8A9B0C1D2E3F /* BookingCalendarView.swift */; };
		0AFF6C7D8E9F0A1B2C3D4E5F /* PackingScanView.swift in Sources */ = {isa = PBXBuildFile; fileRef = AAFF6C7D8E9F0A1B2C3D4E5F /* PackingScanView.swift */; };
		0AEE5C6D7E8F9A0B1C2D3E4F /* QRScannerView.swift in Sources */ = {isa = PBXBuildFile; fileRef = AAEE5C6D7E8F9A0B1C2D3E4F /* QRScannerView.swift */; };
		14E1399DB0A019DC80ADCBD7 /* LoginView.swift in Sources */ = {isa = PBXBuildFile; fileRef = 807E14E89910931B525638EC /* LoginView.swift */; };
		14FE5D418971AEF30FD1953A /* CustomerListViewModel.swift in Sources */ = {isa = PBXBuildFile; fileRef = BA77B08BC22B3673DC440742 /* CustomerListViewModel.swift */; };
		1B169C960FE4400EA563A518 /* TicketListViewModel.swift in Sources */ = {isa = PBXBuildFile; fileRef = F1C0BBD0BC09F7D833D737AA /* TicketListViewModel.swift */; };
		1B54B94AC6BBDB1EC08C52E1 /* AssetFormView.swift in Sources */ = {isa = PBXBuildFile; fileRef = 61B1F736DBB34E17E58C6281 /* AssetFormView.swift */; };
		1C99A919803D2AD7F77C981D /* InvoiceListView.swift in Sources */ = {isa = PBXBuildFile; fileRef = 24AD9BD749F1221BE3EDE69E /* InvoiceListView.swift */; };
		28B5755D66AA39B9A1A1E5A9 /* TicketContext.swift in Sources */ = {isa = PBXBuildFile; fileRef = 7DE28DEA887E2C5E7B029251 /* TicketContext.swift */; };
		2C17E2E44BBADA6A5C4D9318 /* TicketCreateView.swift in Sources */ = {isa = PBXBuildFile; fileRef = 5CD9502BE1C8387F087021C4 /* TicketCreateView.swift */; };
		335F3E875405CDE1F6D94AC7 /* AssetDetailView.swift in Sources */ = {isa = PBXBuildFile; fileRef = 3CDF82C5029A0EBE1E03A371 /* AssetDetailView.swift */; };
		35CF6D1EA36F4C1EC0E8BF9C /* ServiceDetailView.swift in Sources */ = {isa = PBXBuildFile; fileRef = 39F59AD886DF928F0C32F63B /* ServiceDetailView.swift */; };
		480D42C091D7F61019359B5E /* APIClient.swift in Sources */ = {isa = PBXBuildFile; fileRef = CB89E66C6B4134C7742FEEED /* APIClient.swift */; };
		48450C10A1DB8AE4BE88B81E /* ServiceDetail.swift in Sources */ = {isa = PBXBuildFile; fileRef = 226B2E5BEA5C95BF72BB343B /* ServiceDetail.swift */; };
		48CEB7A389361AFE6535523F /* DashboardViewModel.swift in Sources */ = {isa = PBXBuildFile; fileRef = AC6C1F8FF9AA3E9740EDA8D1 /* DashboardViewModel.swift */; };
		5712D97A203C86ABA43A2943 /* CustomerListView.swift in Sources */ = {isa = PBXBuildFile; fileRef = 677A826635A502C7D2D015E0 /* CustomerListView.swift */; };
		59A9387B56A2CA913B29A2F5 /* InvoiceCreateView.swift in Sources */ = {isa = PBXBuildFile; fileRef = DE73754B73D3F098FCCBAE2A /* InvoiceCreateView.swift */; };
		5A1D3B56AFE3B05198FA0093 /* DashboardResponse.swift in Sources */ = {isa = PBXBuildFile; fileRef = EC45D1662C192E8B5C7959C9 /* DashboardResponse.swift */; };
		5EDAC3870D7EEF91A6E68F65 /* AssetListView.swift in Sources */ = {isa = PBXBuildFile; fileRef = 91BB697592F02205D36ACDFF /* AssetListView.swift */; };
		68BAB74F81014018A37D55EE /* DashboardView.swift in Sources */ = {isa = PBXBuildFile; fileRef = D92F3AF6768F930772097B63 /* DashboardView.swift */; };
		6A0AFADF40C3A8B1B2E328E1 /* InvoiceResponse.swift in Sources */ = {isa = PBXBuildFile; fileRef = 4358862BD2EF5211D35C7078 /* InvoiceResponse.swift */; };
		6B37368CEA1517E4E7D270F3 /* ServiceListViewModel.swift in Sources */ = {isa = PBXBuildFile; fileRef = 113DD5D2382211D68F5A755F /* ServiceListViewModel.swift */; };
		991DD876B6065B2D760951AC /* TicketResponse.swift in Sources */ = {isa = PBXBuildFile; fileRef = 7527D20DE3813F841EBA5713 /* TicketResponse.swift */; };
		9977A9825B8A81C67FF17077 /* ServiceFormView.swift in Sources */ = {isa = PBXBuildFile; fileRef = E86955765E1B230E60EA368C /* ServiceFormView.swift */; };
		9A0F6A2BE6F8EEAAAC0D31F2 /* TicketDetailViewModel.swift in Sources */ = {isa = PBXBuildFile; fileRef = A280546BE4B44A59DC5475C2 /* TicketDetailViewModel.swift */; };
		9B81EA4FC66B4B54FC59A00F /* AssetResponse.swift in Sources */ = {isa = PBXBuildFile; fileRef = 1C3C6364C22E59C55791EE4E /* AssetResponse.swift */; };
		A4BCDF1F17E018723D35B814 /* TicketListView.swift in Sources */ = {isa = PBXBuildFile; fileRef = FD0348E8A698D4AACFFAFDAC /* TicketListView.swift */; };
		A4C49A66143A135D607B8F7C /* CKAdminApp.swift in Sources */ = {isa = PBXBuildFile; fileRef = 12782C4C4D61AD5EF04DBB5E /* CKAdminApp.swift */; };
		AF2ADCFA1141966F4A14C9AA /* ServiceListView.swift in Sources */ = {isa = PBXBuildFile; fileRef = 59ABC73A242F50D6989CF2A9 /* ServiceListView.swift */; };
		BA4962C2D40AF6C6748F3112 /* TicketDetailView.swift in Sources */ = {isa = PBXBuildFile; fileRef = BF6D50C3849533260025E341 /* TicketDetailView.swift */; };
		C61FD1E505300DD8A655C94F /* InvoiceListViewModel.swift in Sources */ = {isa = PBXBuildFile; fileRef = FC57B9F98A27852967C4D71E /* InvoiceListViewModel.swift */; };
		CD53DC9BC598FC02DF104D72 /* ServiceResponse.swift in Sources */ = {isa = PBXBuildFile; fileRef = 86AC0DCDA0A68C1C6262C7A8 /* ServiceResponse.swift */; };
		CFE63CE8E6328A49223C316B /* CustomerResponse.swift in Sources */ = {isa = PBXBuildFile; fileRef = 7784F24F45F2B71554AF5F8C /* CustomerResponse.swift */; };
		D4373CFAE273B5CD119FECF3 /* ContentView.swift in Sources */ = {isa = PBXBuildFile; fileRef = 69FC499F866ECF5C71FE1C5B /* ContentView.swift */; };
		D6C6205BA37710DE2BEB8E5E /* CustomerDetail.swift in Sources */ = {isa = PBXBuildFile; fileRef = 1EFEE472EF3C05CEFABFC009 /* CustomerDetail.swift */; };
		E1D176A47C78EC9C2CEF5D33 /* CustomerFormView.swift in Sources */ = {isa = PBXBuildFile; fileRef = 754B159DF93EC16C57B27778 /* CustomerFormView.swift */; };
		EA8A2407650F160C012DF367 /* CustomerDetailView.swift in Sources */ = {isa = PBXBuildFile; fileRef = B79C5C2C45E9713BEBDE2EBD /* CustomerDetailView.swift */; };
		EAD8CD8C916CC3BEF498E082 /* PushManager.swift in Sources */ = {isa = PBXBuildFile; fileRef = 2C38D5640E9F75A5108F437B /* PushManager.swift */; };
		F8B18CE5B8D32723914E8076 /* TicketDetail.swift in Sources */ = {isa = PBXBuildFile; fileRef = 99123428085D3EF5E245B516 /* TicketDetail.swift */; };
/* End PBXBuildFile section */

/* Begin PBXFileReference section */
		113DD5D2382211D68F5A755F /* ServiceListViewModel.swift */ = {isa = PBXFileReference; lastKnownFileType = sourcecode.swift; path = ServiceListViewModel.swift; sourceTree = "<group>"; };
		12782C4C4D61AD5EF04DBB5E /* CKAdminApp.swift */ = {isa = PBXFileReference; lastKnownFileType = sourcecode.swift; path = CKAdminApp.swift; sourceTree = "<group>"; };
		1C3C6364C22E59C55791EE4E /* AssetResponse.swift */ = {isa = PBXFileReference; lastKnownFileType = sourcecode.swift; path = AssetResponse.swift; sourceTree = "<group>"; };
		1EFEE472EF3C05CEFABFC009 /* CustomerDetail.swift */ = {isa = PBXFileReference; lastKnownFileType = sourcecode.swift; path = CustomerDetail.swift; sourceTree = "<group>"; };
		21D62D3294A64F463D19BAAD /* AuthManager.swift */ = {isa = PBXFileReference; lastKnownFileType = sourcecode.swift; path = AuthManager.swift; sourceTree = "<group>"; };
		226B2E5BEA5C95BF72BB343B /* ServiceDetail.swift */ = {isa = PBXFileReference; lastKnownFileType = sourcecode.swift; path = ServiceDetail.swift; sourceTree = "<group>"; };
		24AD9BD749F1221BE3EDE69E /* InvoiceListView.swift */ = {isa = PBXFileReference; lastKnownFileType = sourcecode.swift; path = InvoiceListView.swift; sourceTree = "<group>"; };
		2C38D5640E9F75A5108F437B /* PushManager.swift */ = {isa = PBXFileReference; lastKnownFileType = sourcecode.swift; path = PushManager.swift; sourceTree = "<group>"; };
		39F59AD886DF928F0C32F63B /* ServiceDetailView.swift */ = {isa = PBXFileReference; lastKnownFileType = sourcecode.swift; path = ServiceDetailView.swift; sourceTree = "<group>"; };
		3CDF82C5029A0EBE1E03A371 /* AssetDetailView.swift */ = {isa = PBXFileReference; lastKnownFileType = sourcecode.swift; path = AssetDetailView.swift; sourceTree = "<group>"; };
		4358862BD2EF5211D35C7078 /* InvoiceResponse.swift */ = {isa = PBXFileReference; lastKnownFileType = sourcecode.swift; path = InvoiceResponse.swift; sourceTree = "<group>"; };
		59ABC73A242F50D6989CF2A9 /* ServiceListView.swift */ = {isa = PBXFileReference; lastKnownFileType = sourcecode.swift; path = ServiceListView.swift; sourceTree = "<group>"; };
		5CD9502BE1C8387F087021C4 /* TicketCreateView.swift */ = {isa = PBXFileReference; lastKnownFileType = sourcecode.swift; path = TicketCreateView.swift; sourceTree = "<group>"; };
		61B1F736DBB34E17E58C6281 /* AssetFormView.swift */ = {isa = PBXFileReference; lastKnownFileType = sourcecode.swift; path = AssetFormView.swift; sourceTree = "<group>"; };
		677A826635A502C7D2D015E0 /* CustomerListView.swift */ = {isa = PBXFileReference; lastKnownFileType = sourcecode.swift; path = CustomerListView.swift; sourceTree = "<group>"; };
		69FC499F866ECF5C71FE1C5B /* ContentView.swift */ = {isa = PBXFileReference; lastKnownFileType = sourcecode.swift; path = ContentView.swift; sourceTree = "<group>"; };
		7527D20DE3813F841EBA5713 /* TicketResponse.swift */ = {isa = PBXFileReference; lastKnownFileType = sourcecode.swift; path = TicketResponse.swift; sourceTree = "<group>"; };
		754B159DF93EC16C57B27778 /* CustomerFormView.swift */ = {isa = PBXFileReference; lastKnownFileType = sourcecode.swift; path = CustomerFormView.swift; sourceTree = "<group>"; };
		7784F24F45F2B71554AF5F8C /* CustomerResponse.swift */ = {isa = PBXFileReference; lastKnownFileType = sourcecode.swift; path = CustomerResponse.swift; sourceTree = "<group>"; };
		7DE28DEA887E2C5E7B029251 /* TicketContext.swift */ = {isa = PBXFileReference; lastKnownFileType = sourcecode.swift; path = TicketContext.swift; sourceTree = "<group>"; };
		807E14E89910931B525638EC /* LoginView.swift */ = {isa = PBXFileReference; lastKnownFileType = sourcecode.swift; path = LoginView.swift; sourceTree = "<group>"; };
		86AC0DCDA0A68C1C6262C7A8 /* ServiceResponse.swift */ = {isa = PBXFileReference; lastKnownFileType = sourcecode.swift; path = ServiceResponse.swift; sourceTree = "<group>"; };
		91BB697592F02205D36ACDFF /* AssetListView.swift */ = {isa = PBXFileReference; lastKnownFileType = sourcecode.swift; path = AssetListView.swift; sourceTree = "<group>"; };
		99123428085D3EF5E245B516 /* TicketDetail.swift */ = {isa = PBXFileReference; lastKnownFileType = sourcecode.swift; path = TicketDetail.swift; sourceTree = "<group>"; };
		A280546BE4B44A59DC5475C2 /* TicketDetailViewModel.swift */ = {isa = PBXFileReference; lastKnownFileType = sourcecode.swift; path = TicketDetailViewModel.swift; sourceTree = "<group>"; };
		AA1B2C3D4E5F6A7B8C9D0E1F /* ShopResponse.swift */ = {isa = PBXFileReference; lastKnownFileType = sourcecode.swift; path = ShopResponse.swift; sourceTree = "<group>"; };
		AA2B3C4D5E6F7A8B9C0D1E2F /* ShopHubView.swift */ = {isa = PBXFileReference; lastKnownFileType = sourcecode.swift; path = ShopHubView.swift; sourceTree = "<group>"; };
		AA3B4C5D6E7F8A9B0C1D2E3F /* OrderListView.swift */ = {isa = PBXFileReference; lastKnownFileType = sourcecode.swift; path = OrderListView.swift; sourceTree = "<group>"; };
		AA4B5C6D7E8F9A0B1C2D3E4F /* OrderListViewModel.swift */ = {isa = PBXFileReference; lastKnownFileType = sourcecode.swift; path = OrderListViewModel.swift; sourceTree = "<group>"; };
		AA5B6C7D8E9F0A1B2C3D4E5F /* OrderDetailView.swift */ = {isa = PBXFileReference; lastKnownFileType = sourcecode.swift; path = OrderDetailView.swift; sourceTree = "<group>"; };
		AA6B7C8D9E0F1A2B3C4D5E6F /* ProductListView.swift */ = {isa = PBXFileReference; lastKnownFileType = sourcecode.swift; path = ProductListView.swift; sourceTree = "<group>"; };
		AA7B8C9D0E1F2A3B4C5D6E7F /* ProductListViewModel.swift */ = {isa = PBXFileReference; lastKnownFileType = sourcecode.swift; path = ProductListViewModel.swift; sourceTree = "<group>"; };
		AA8B9C0D1E2F3A4B5C6D7E8F /* RentalListView.swift */ = {isa = PBXFileReference; lastKnownFileType = sourcecode.swift; path = RentalListView.swift; sourceTree = "<group>"; };
		AA9B0C1D2E3F4A5B6C7D8E9F /* RentalListViewModel.swift */ = {isa = PBXFileReference; lastKnownFileType = sourcecode.swift; path = RentalListViewModel.swift; sourceTree = "<group>"; };
		AAAB1C2D3E4F5A6B7C8D9E0F /* BookingDetail.swift */ = {isa = PBXFileReference; lastKnownFileType = sourcecode.swift; path = BookingDetail.swift; sourceTree = "<group>"; };
		AABB2C3D4E5F6A7B8C9D0E1F /* OrderActionDetailView.swift */ = {isa = PBXFileReference; lastKnownFileType = sourcecode.swift; path = OrderActionDetailView.swift; sourceTree = "<group>"; };
		AACC3C4D5E6F7A8B9C0D1E2F /* InspectionUploadView.swift */ = {isa = PBXFileReference; lastKnownFileType = sourcecode.swift; path = InspectionUploadView.swift; sourceTree = "<group>"; };
		AADD4C5D6E7F8A9B0C1D2E3F /* BookingCalendarView.swift */ = {isa = PBXFileReference; lastKnownFileType = sourcecode.swift; path = BookingCalendarView.swift; sourceTree = "<group>"; };
		AAFF6C7D8E9F0A1B2C3D4E5F /* PackingScanView.swift */ = {isa = PBXFileReference; lastKnownFileType = sourcecode.swift; path = PackingScanView.swift; sourceTree = "<group>"; };
		AAEE5C6D7E8F9A0B1C2D3E4F /* QRScannerView.swift */ = {isa = PBXFileReference; lastKnownFileType = sourcecode.swift; path = QRScannerView.swift; sourceTree = "<group>"; };
		AC6C1F8FF9AA3E9740EDA8D1 /* DashboardViewModel.swift */ = {isa = PBXFileReference; lastKnownFileType = sourcecode.swift; path = DashboardViewModel.swift; sourceTree = "<group>"; };
		B79C5C2C45E9713BEBDE2EBD /* CustomerDetailView.swift */ = {isa = PBXFileReference; lastKnownFileType = sourcecode.swift; path = CustomerDetailView.swift; sourceTree = "<group>"; };
		BA77B08BC22B3673DC440742 /* CustomerListViewModel.swift */ = {isa = PBXFileReference; lastKnownFileType = sourcecode.swift; path = CustomerListViewModel.swift; sourceTree = "<group>"; };
		BF6D50C3849533260025E341 /* TicketDetailView.swift */ = {isa = PBXFileReference; lastKnownFileType = sourcecode.swift; path = TicketDetailView.swift; sourceTree = "<group>"; };
		CB89E66C6B4134C7742FEEED /* APIClient.swift */ = {isa = PBXFileReference; lastKnownFileType = sourcecode.swift; path = APIClient.swift; sourceTree = "<group>"; };
		D92F3AF6768F930772097B63 /* DashboardView.swift */ = {isa = PBXFileReference; lastKnownFileType = sourcecode.swift; path = DashboardView.swift; sourceTree = "<group>"; };
		DE73754B73D3F098FCCBAE2A /* InvoiceCreateView.swift */ = {isa = PBXFileReference; lastKnownFileType = sourcecode.swift; path = InvoiceCreateView.swift; sourceTree = "<group>"; };
		E24AC03279050EFF5E408FBF /* CKAdmin.app */ = {isa = PBXFileReference; explicitFileType = wrapper.application; includeInIndex = 0; path = CKAdmin.app; sourceTree = BUILT_PRODUCTS_DIR; };
		E86955765E1B230E60EA368C /* ServiceFormView.swift */ = {isa = PBXFileReference; lastKnownFileType = sourcecode.swift; path = ServiceFormView.swift; sourceTree = "<group>"; };
		EC45D1662C192E8B5C7959C9 /* DashboardResponse.swift */ = {isa = PBXFileReference; lastKnownFileType = sourcecode.swift; path = DashboardResponse.swift; sourceTree = "<group>"; };
		F1C0BBD0BC09F7D833D737AA /* TicketListViewModel.swift */ = {isa = PBXFileReference; lastKnownFileType = sourcecode.swift; path = TicketListViewModel.swift; sourceTree = "<group>"; };
		FC57B9F98A27852967C4D71E /* InvoiceListViewModel.swift */ = {isa = PBXFileReference; lastKnownFileType = sourcecode.swift; path = InvoiceListViewModel.swift; sourceTree = "<group>"; };
		FD0348E8A698D4AACFFAFDAC /* TicketListView.swift */ = {isa = PBXFileReference; lastKnownFileType = sourcecode.swift; path = TicketListView.swift; sourceTree = "<group>"; };
/* End PBXFileReference section */

/* Begin PBXGroup section */
		12B4435E829633294965DAA2 /* Models */ = {
			isa = PBXGroup;
			children = (
				1C3C6364C22E59C55791EE4E /* AssetResponse.swift */,
				1EFEE472EF3C05CEFABFC009 /* CustomerDetail.swift */,
				7784F24F45F2B71554AF5F8C /* CustomerResponse.swift */,
				EC45D1662C192E8B5C7959C9 /* DashboardResponse.swift */,
				4358862BD2EF5211D35C7078 /* InvoiceResponse.swift */,
				226B2E5BEA5C95BF72BB343B /* ServiceDetail.swift */,
				86AC0DCDA0A68C1C6262C7A8 /* ServiceResponse.swift */,
				AA1B2C3D4E5F6A7B8C9D0E1F /* ShopResponse.swift */,
				AAAB1C2D3E4F5A6B7C8D9E0F /* BookingDetail.swift */,
				7DE28DEA887E2C5E7B029251 /* TicketContext.swift */,
				99123428085D3EF5E245B516 /* TicketDetail.swift */,
				7527D20DE3813F841EBA5713 /* TicketResponse.swift */,
			);
			path = Models;
			sourceTree = "<group>";
		};
		158691CDE11FC5901C20BB3A /* Services */ = {
			isa = PBXGroup;
			children = (
				39F59AD886DF928F0C32F63B /* ServiceDetailView.swift */,
				E86955765E1B230E60EA368C /* ServiceFormView.swift */,
				59ABC73A242F50D6989CF2A9 /* ServiceListView.swift */,
				113DD5D2382211D68F5A755F /* ServiceListViewModel.swift */,
			);
			path = Services;
			sourceTree = "<group>";
		};
		35DDBBF7FA5F844F3D6D8B61 /* Customers */ = {
			isa = PBXGroup;
			children = (
				B79C5C2C45E9713BEBDE2EBD /* CustomerDetailView.swift */,
				754B159DF93EC16C57B27778 /* CustomerFormView.swift */,
				677A826635A502C7D2D015E0 /* CustomerListView.swift */,
				BA77B08BC22B3673DC440742 /* CustomerListViewModel.swift */,
			);
			path = Customers;
			sourceTree = "<group>";
		};
		41630DB3511F103BEDC1AE6C /* Assets */ = {
			isa = PBXGroup;
			children = (
				3CDF82C5029A0EBE1E03A371 /* AssetDetailView.swift */,
				61B1F736DBB34E17E58C6281 /* AssetFormView.swift */,
				91BB697592F02205D36ACDFF /* AssetListView.swift */,
			);
			path = Assets;
			sourceTree = "<group>";
		};
		4F824F4FEEA3D26DB8513943 /* Products */ = {
			isa = PBXGroup;
			children = (
				E24AC03279050EFF5E408FBF /* CKAdmin.app */,
			);
			name = Products;
			sourceTree = "<group>";
		};
		76066A9282F73183B04CCF01 = {
			isa = PBXGroup;
			children = (
				D06FC3E3F3FF37208F7A1FFB /* CKAdmin */,
				4F824F4FEEA3D26DB8513943 /* Products */,
			);
			sourceTree = "<group>";
		};
		961B171E1E93954827B4551A /* Tickets */ = {
			isa = PBXGroup;
			children = (
				5CD9502BE1C8387F087021C4 /* TicketCreateView.swift */,
				BF6D50C3849533260025E341 /* TicketDetailView.swift */,
				A280546BE4B44A59DC5475C2 /* TicketDetailViewModel.swift */,
				FD0348E8A698D4AACFFAFDAC /* TicketListView.swift */,
				F1C0BBD0BC09F7D833D737AA /* TicketListViewModel.swift */,
			);
			path = Tickets;
			sourceTree = "<group>";
		};
		9C0A0B1551659977F47DA0B2 /* Services */ = {
			isa = PBXGroup;
			children = (
				CB89E66C6B4134C7742FEEED /* APIClient.swift */,
				21D62D3294A64F463D19BAAD /* AuthManager.swift */,
				2C38D5640E9F75A5108F437B /* PushManager.swift */,
			);
			path = Services;
			sourceTree = "<group>";
		};
		CD44FC1D3F99AF36621D0280 /* Dashboard */ = {
			isa = PBXGroup;
			children = (
				D92F3AF6768F930772097B63 /* DashboardView.swift */,
				AC6C1F8FF9AA3E9740EDA8D1 /* DashboardViewModel.swift */,
			);
			path = Dashboard;
			sourceTree = "<group>";
		};
		D06FC3E3F3FF37208F7A1FFB /* CKAdmin */ = {
			isa = PBXGroup;
			children = (
				12782C4C4D61AD5EF04DBB5E /* CKAdminApp.swift */,
				12B4435E829633294965DAA2 /* Models */,
				9C0A0B1551659977F47DA0B2 /* Services */,
				D6D7EA8B61673B370F5CE49D /* Views */,
			);
			path = CKAdmin;
			sourceTree = "<group>";
		};
		D6D7EA8B61673B370F5CE49D /* Views */ = {
			isa = PBXGroup;
			children = (
				69FC499F866ECF5C71FE1C5B /* ContentView.swift */,
				AAEE5C6D7E8F9A0B1C2D3E4F /* QRScannerView.swift */,
				41630DB3511F103BEDC1AE6C /* Assets */,
				DDB968DAEBC40037412F5C36 /* Auth */,
				35DDBBF7FA5F844F3D6D8B61 /* Customers */,
				CD44FC1D3F99AF36621D0280 /* Dashboard */,
				F264E45594D76BFF866B4B98 /* Invoices */,
				158691CDE11FC5901C20BB3A /* Services */,
				BB1A2B3C4D5E6F7A8B9C0D1E /* Shop */,
				961B171E1E93954827B4551A /* Tickets */,
			);
			path = Views;
			sourceTree = "<group>";
		};
		BB1A2B3C4D5E6F7A8B9C0D1E /* Shop */ = {
			isa = PBXGroup;
			children = (
				AA5B6C7D8E9F0A1B2C3D4E5F /* OrderDetailView.swift */,
				AA3B4C5D6E7F8A9B0C1D2E3F /* OrderListView.swift */,
				AA4B5C6D7E8F9A0B1C2D3E4F /* OrderListViewModel.swift */,
				AA6B7C8D9E0F1A2B3C4D5E6F /* ProductListView.swift */,
				AA7B8C9D0E1F2A3B4C5D6E7F /* ProductListViewModel.swift */,
				AA8B9C0D1E2F3A4B5C6D7E8F /* RentalListView.swift */,
				AA9B0C1D2E3F4A5B6C7D8E9F /* RentalListViewModel.swift */,
				AA2B3C4D5E6F7A8B9C0D1E2F /* ShopHubView.swift */,
				AABB2C3D4E5F6A7B8C9D0E1F /* OrderActionDetailView.swift */,
				AACC3C4D5E6F7A8B9C0D1E2F /* InspectionUploadView.swift */,
				AADD4C5D6E7F8A9B0C1D2E3F /* BookingCalendarView.swift */,
				AAFF6C7D8E9F0A1B2C3D4E5F /* PackingScanView.swift */,
			);
			path = Shop;
			sourceTree = "<group>";
		};
		DDB968DAEBC40037412F5C36 /* Auth */ = {
			isa = PBXGroup;
			children = (
				807E14E89910931B525638EC /* LoginView.swift */,
			);
			path = Auth;
			sourceTree = "<group>";
		};
		F264E45594D76BFF866B4B98 /* Invoices */ = {
			isa = PBXGroup;
			children = (
				DE73754B73D3F098FCCBAE2A /* InvoiceCreateView.swift */,
				24AD9BD749F1221BE3EDE69E /* InvoiceListView.swift */,
				FC57B9F98A27852967C4D71E /* InvoiceListViewModel.swift */,
			);
			path = Invoices;
			sourceTree = "<group>";
		};
/* End PBXGroup section */

/* Begin PBXNativeTarget section */
		DCE263B8C6B7A41DE14A3E79 /* CKAdmin */ = {
			isa = PBXNativeTarget;
			buildConfigurationList = 904E3651B8F601B5E8D61BA3 /* Build configuration list for PBXNativeTarget "CKAdmin" */;
			buildPhases = (
				5F934ADE2158D03F492426F8 /* Sources */,
			);
			buildRules = (
			);
			dependencies = (
			);
			name = CKAdmin;
			packageProductDependencies = (
			);
			productName = CKAdmin;
			productReference = E24AC03279050EFF5E408FBF /* CKAdmin.app */;
			productType = "com.apple.product-type.application";
		};
/* End PBXNativeTarget section */

/* Begin PBXProject section */
		A7FB3039D9DFBE3CF71A6FA2 /* Project object */ = {
			isa = PBXProject;
			attributes = {
				BuildIndependentTargetsInParallel = YES;
				LastUpgradeCheck = 1500;
				TargetAttributes = {
					DCE263B8C6B7A41DE14A3E79 = {
						ProvisioningStyle = Automatic;
					};
				};
			};
			buildConfigurationList = B9061E28166D89AE51949DA6 /* Build configuration list for PBXProject "CKAdmin" */;
			developmentRegion = en;
			hasScannedForEncodings = 0;
			knownRegions = (
				Base,
				en,
			);
			mainGroup = 76066A9282F73183B04CCF01;
			minimizedProjectReferenceProxies = 1;
			preferredProjectObjectVersion = 77;
			productRefGroup = 4F824F4FEEA3D26DB8513943 /* Products */;
			projectDirPath = "";
			projectRoot = "";
			targets = (
				DCE263B8C6B7A41DE14A3E79 /* CKAdmin */,
			);
		};
/* End PBXProject section */

/* Begin PBXSourcesBuildPhase section */
		5F934ADE2158D03F492426F8 /* Sources */ = {
			isa = PBXSourcesBuildPhase;
			buildActionMask = 2147483647;
			files = (
				480D42C091D7F61019359B5E /* APIClient.swift in Sources */,
				335F3E875405CDE1F6D94AC7 /* AssetDetailView.swift in Sources */,
				1B54B94AC6BBDB1EC08C52E1 /* AssetFormView.swift in Sources */,
				5EDAC3870D7EEF91A6E68F65 /* AssetListView.swift in Sources */,
				9B81EA4FC66B4B54FC59A00F /* AssetResponse.swift in Sources */,
				0320671C7C32109F096E896F /* AuthManager.swift in Sources */,
				A4C49A66143A135D607B8F7C /* CKAdminApp.swift in Sources */,
				D4373CFAE273B5CD119FECF3 /* ContentView.swift in Sources */,
				D6C6205BA37710DE2BEB8E5E /* CustomerDetail.swift in Sources */,
				EA8A2407650F160C012DF367 /* CustomerDetailView.swift in Sources */,
				E1D176A47C78EC9C2CEF5D33 /* CustomerFormView.swift in Sources */,
				5712D97A203C86ABA43A2943 /* CustomerListView.swift in Sources */,
				14FE5D418971AEF30FD1953A /* CustomerListViewModel.swift in Sources */,
				CFE63CE8E6328A49223C316B /* CustomerResponse.swift in Sources */,
				5A1D3B56AFE3B05198FA0093 /* DashboardResponse.swift in Sources */,
				68BAB74F81014018A37D55EE /* DashboardView.swift in Sources */,
				48CEB7A389361AFE6535523F /* DashboardViewModel.swift in Sources */,
				59A9387B56A2CA913B29A2F5 /* InvoiceCreateView.swift in Sources */,
				1C99A919803D2AD7F77C981D /* InvoiceListView.swift in Sources */,
				C61FD1E505300DD8A655C94F /* InvoiceListViewModel.swift in Sources */,
				6A0AFADF40C3A8B1B2E328E1 /* InvoiceResponse.swift in Sources */,
				14E1399DB0A019DC80ADCBD7 /* LoginView.swift in Sources */,
				0A5B6C7D8E9F0A1B2C3D4E5F /* OrderDetailView.swift in Sources */,
				0A3B4C5D6E7F8A9B0C1D2E3F /* OrderListView.swift in Sources */,
				0A4B5C6D7E8F9A0B1C2D3E4F /* OrderListViewModel.swift in Sources */,
				0A6B7C8D9E0F1A2B3C4D5E6F /* ProductListView.swift in Sources */,
				0A7B8C9D0E1F2A3B4C5D6E7F /* ProductListViewModel.swift in Sources */,
				EAD8CD8C916CC3BEF498E082 /* PushManager.swift in Sources */,
				0A8B9C0D1E2F3A4B5C6D7E8F /* RentalListView.swift in Sources */,
				0A9B0C1D2E3F4A5B6C7D8E9F /* RentalListViewModel.swift in Sources */,
				48450C10A1DB8AE4BE88B81E /* ServiceDetail.swift in Sources */,
				35CF6D1EA36F4C1EC0E8BF9C /* ServiceDetailView.swift in Sources */,
				9977A9825B8A81C67FF17077 /* ServiceFormView.swift in Sources */,
				AF2ADCFA1141966F4A14C9AA /* ServiceListView.swift in Sources */,
				6B37368CEA1517E4E7D270F3 /* ServiceListViewModel.swift in Sources */,
				CD53DC9BC598FC02DF104D72 /* ServiceResponse.swift in Sources */,
				0A2B3C4D5E6F7A8B9C0D1E2F /* ShopHubView.swift in Sources */,
				0A1B2C3D4E5F6A7B8C9D0E1F /* ShopResponse.swift in Sources */,
				0AAB1C2D3E4F5A6B7C8D9E0F /* BookingDetail.swift in Sources */,
				0ABB2C3D4E5F6A7B8C9D0E1F /* OrderActionDetailView.swift in Sources */,
				0ACC3C4D5E6F7A8B9C0D1E2F /* InspectionUploadView.swift in Sources */,
				0ADD4C5D6E7F8A9B0C1D2E3F /* BookingCalendarView.swift in Sources */,
				0AFF6C7D8E9F0A1B2C3D4E5F /* PackingScanView.swift in Sources */,
				0AEE5C6D7E8F9A0B1C2D3E4F /* QRScannerView.swift in Sources */,
				28B5755D66AA39B9A1A1E5A9 /* TicketContext.swift in Sources */,
				2C17E2E44BBADA6A5C4D9318 /* TicketCreateView.swift in Sources */,
				F8B18CE5B8D32723914E8076 /* TicketDetail.swift in Sources */,
				BA4962C2D40AF6C6748F3112 /* TicketDetailView.swift in Sources */,
				9A0F6A2BE6F8EEAAAC0D31F2 /* TicketDetailViewModel.swift in Sources */,
				A4BCDF1F17E018723D35B814 /* TicketListView.swift in Sources */,
				1B169C960FE4400EA563A518 /* TicketListViewModel.swift in Sources */,
				991DD876B6065B2D760951AC /* TicketResponse.swift in Sources */,
			);
			runOnlyForDeploymentPostprocessing = 0;
		};
/* End PBXSourcesBuildPhase section */

/* Begin XCBuildConfiguration section */
		1BBC5AFA36487EDE51F253FE /* Debug */ = {
			isa = XCBuildConfiguration;
			buildSettings = {
				ALWAYS_SEARCH_USER_PATHS = NO;
				CLANG_ANALYZER_NONNULL = YES;
				CLANG_ANALYZER_NUMBER_OBJECT_CONVERSION = YES_AGGRESSIVE;
				CLANG_CXX_LANGUAGE_STANDARD = "gnu++14";
				CLANG_CXX_LIBRARY = "libc++";
				CLANG_ENABLE_MODULES = YES;
				CLANG_ENABLE_OBJC_ARC = YES;
				CLANG_ENABLE_OBJC_WEAK = YES;
				CLANG_WARN_BLOCK_CAPTURE_AUTORELEASING = YES;
				CLANG_WARN_BOOL_CONVERSION = YES;
				CLANG_WARN_COMMA = YES;
				CLANG_WARN_CONSTANT_CONVERSION = YES;
				CLANG_WARN_DEPRECATED_OBJC_IMPLEMENTATIONS = YES;
				CLANG_WARN_DIRECT_OBJC_ISA_USAGE = YES_ERROR;
				CLANG_WARN_DOCUMENTATION_COMMENTS = YES;
				CLANG_WARN_EMPTY_BODY = YES;
				CLANG_WARN_ENUM_CONVERSION = YES;
				CLANG_WARN_INFINITE_RECURSION = YES;
				CLANG_WARN_INT_CONVERSION = YES;
				CLANG_WARN_NON_LITERAL_NULL_CONVERSION = YES;
				CLANG_WARN_OBJC_IMPLICIT_RETAIN_SELF = YES;
				CLANG_WARN_OBJC_LITERAL_CONVERSION = YES;
				CLANG_WARN_OBJC_ROOT_CLASS = YES_ERROR;
				CLANG_WARN_QUOTED_INCLUDE_IN_FRAMEWORK_HEADER = YES;
				CLANG_WARN_RANGE_LOOP_ANALYSIS = YES;
				CLANG_WARN_STRICT_PROTOTYPES = YES;
				CLANG_WARN_SUSPICIOUS_MOVE = YES;
				CLANG_WARN_UNGUARDED_AVAILABILITY = YES_AGGRESSIVE;
				CLANG_WARN_UNREACHABLE_CODE = YES;
				CLANG_WARN__DUPLICATE_METHOD_MATCH = YES;
				COPY_PHASE_STRIP = NO;
				DEBUG_INFORMATION_FORMAT = dwarf;
				ENABLE_STRICT_OBJC_MSGSEND = YES;
				ENABLE_TESTABILITY = YES;
				GCC_C_LANGUAGE_STANDARD = gnu11;
				GCC_DYNAMIC_NO_PIC = NO;
				GCC_NO_COMMON_BLOCKS = YES;
				GCC_OPTIMIZATION_LEVEL = 0;
				GCC_PREPROCESSOR_DEFINITIONS = (
					"$(inherited)",
					"DEBUG=1",
				);
				GCC_WARN_64_TO_32_BIT_CONVERSION = YES;
				GCC_WARN_ABOUT_RETURN_TYPE = YES_ERROR;
				GCC_WARN_UNDECLARED_SELECTOR = YES;
				GCC_WARN_UNINITIALIZED_AUTOS = YES_AGGRESSIVE;
				GCC_WARN_UNUSED_FUNCTION = YES;
				GCC_WARN_UNUSED_VARIABLE = YES;
				IPHONEOS_DEPLOYMENT_TARGET = 17.0;
				MTL_ENABLE_DEBUG_INFO = INCLUDE_SOURCE;
				MTL_FAST_MATH = YES;
				ONLY_ACTIVE_ARCH = YES;
				PRODUCT_NAME = "$(TARGET_NAME)";
				SDKROOT = iphoneos;
				SWIFT_ACTIVE_COMPILATION_CONDITIONS = DEBUG;
				SWIFT_OPTIMIZATION_LEVEL = "-Onone";
				SWIFT_VERSION = 5.0;
			};
			name = Debug;
		};
		9B52E8C0C90507B50A3BDF79 /* Release */ = {
			isa = XCBuildConfiguration;
			buildSettings = {
				ALWAYS_SEARCH_USER_PATHS = NO;
				CLANG_ANALYZER_NONNULL = YES;
				CLANG_ANALYZER_NUMBER_OBJECT_CONVERSION = YES_AGGRESSIVE;
				CLANG_CXX_LANGUAGE_STANDARD = "gnu++14";
				CLANG_CXX_LIBRARY = "libc++";
				CLANG_ENABLE_MODULES = YES;
				CLANG_ENABLE_OBJC_ARC = YES;
				CLANG_ENABLE_OBJC_WEAK = YES;
				CLANG_WARN_BLOCK_CAPTURE_AUTORELEASING = YES;
				CLANG_WARN_BOOL_CONVERSION = YES;
				CLANG_WARN_COMMA = YES;
				CLANG_WARN_CONSTANT_CONVERSION = YES;
				CLANG_WARN_DEPRECATED_OBJC_IMPLEMENTATIONS = YES;
				CLANG_WARN_DIRECT_OBJC_ISA_USAGE = YES_ERROR;
				CLANG_WARN_DOCUMENTATION_COMMENTS = YES;
				CLANG_WARN_EMPTY_BODY = YES;
				CLANG_WARN_ENUM_CONVERSION = YES;
				CLANG_WARN_INFINITE_RECURSION = YES;
				CLANG_WARN_INT_CONVERSION = YES;
				CLANG_WARN_NON_LITERAL_NULL_CONVERSION = YES;
				CLANG_WARN_OBJC_IMPLICIT_RETAIN_SELF = YES;
				CLANG_WARN_OBJC_LITERAL_CONVERSION = YES;
				CLANG_WARN_OBJC_ROOT_CLASS = YES_ERROR;
				CLANG_WARN_QUOTED_INCLUDE_IN_FRAMEWORK_HEADER = YES;
				CLANG_WARN_RANGE_LOOP_ANALYSIS = YES;
				CLANG_WARN_STRICT_PROTOTYPES = YES;
				CLANG_WARN_SUSPICIOUS_MOVE = YES;
				CLANG_WARN_UNGUARDED_AVAILABILITY = YES_AGGRESSIVE;
				CLANG_WARN_UNREACHABLE_CODE = YES;
				CLANG_WARN__DUPLICATE_METHOD_MATCH = YES;
				COPY_PHASE_STRIP = NO;
				DEBUG_INFORMATION_FORMAT = "dwarf-with-dsym";
				ENABLE_NS_ASSERTIONS = NO;
				ENABLE_STRICT_OBJC_MSGSEND = YES;
				GCC_C_LANGUAGE_STANDARD = gnu11;
				GCC_NO_COMMON_BLOCKS = YES;
				GCC_WARN_64_TO_32_BIT_CONVERSION = YES;
				GCC_WARN_ABOUT_RETURN_TYPE = YES_ERROR;
				GCC_WARN_UNDECLARED_SELECTOR = YES;
				GCC_WARN_UNINITIALIZED_AUTOS = YES_AGGRESSIVE;
				GCC_WARN_UNUSED_FUNCTION = YES;
				GCC_WARN_UNUSED_VARIABLE = YES;
				IPHONEOS_DEPLOYMENT_TARGET = 17.0;
				MTL_ENABLE_DEBUG_INFO = NO;
				MTL_FAST_MATH = YES;
				PRODUCT_NAME = "$(TARGET_NAME)";
				SDKROOT = iphoneos;
				SWIFT_COMPILATION_MODE = wholemodule;
				SWIFT_OPTIMIZATION_LEVEL = "-O";
				SWIFT_VERSION = 5.0;
			};
			name = Release;
		};
		D27BC2C67B91FF53CBF2AD15 /* Release */ = {
			isa = XCBuildConfiguration;
			buildSettings = {
				ASSETCATALOG_COMPILER_APPICON_NAME = AppIcon;
				CODE_SIGN_IDENTITY = "iPhone Developer";
				CODE_SIGN_STYLE = Automatic;
				CURRENT_PROJECT_VERSION = 1;
				DEVELOPMENT_TEAM = 8ZPKDN48HL;
				GENERATE_INFOPLIST_FILE = YES;
				INFOPLIST_KEY_CFBundleDisplayName = "CK Admin";
INFOPLIST_KEY_NSCameraUsageDescription = "CK Admin uses the camera to scan QR codes on assets, orders, and bookings.";
				INFOPLIST_KEY_UIApplicationSceneManifest_Generation = YES;
				INFOPLIST_KEY_UIApplicationSupportsIndirectInputEvents = YES;
				INFOPLIST_KEY_UILaunchScreen_Generation = YES;
				INFOPLIST_KEY_UISupportedInterfaceOrientations_iPad = "UIInterfaceOrientationPortrait UIInterfaceOrientationPortraitUpsideDown UIInterfaceOrientationLandscapeLeft UIInterfaceOrientationLandscapeRight";
				INFOPLIST_KEY_UISupportedInterfaceOrientations_iPhone = "UIInterfaceOrientationPortrait UIInterfaceOrientationLandscapeLeft UIInterfaceOrientationLandscapeRight";
				LD_RUNPATH_SEARCH_PATHS = (
					"$(inherited)",
					"@executable_path/Frameworks",
				);
				MARKETING_VERSION = 1.0;
				PRODUCT_BUNDLE_IDENTIFIER = com.ckenterprises.admin;
				SDKROOT = iphoneos;
				SWIFT_COMPILATION_MODE = wholemodule;
				SWIFT_EMIT_LOC_STRINGS = YES;
				TARGETED_DEVICE_FAMILY = "1,2";
			};
			name = Release;
		};
		D781F514D49A6AFA3FA1377E /* Debug */ = {
			isa = XCBuildConfiguration;
			buildSettings = {
				ASSETCATALOG_COMPILER_APPICON_NAME = AppIcon;
				CODE_SIGN_IDENTITY = "iPhone Developer";
				CODE_SIGN_STYLE = Automatic;
				CURRENT_PROJECT_VERSION = 1;
				DEVELOPMENT_TEAM = 8ZPKDN48HL;
				GENERATE_INFOPLIST_FILE = YES;
				INFOPLIST_KEY_CFBundleDisplayName = "CK Admin";
INFOPLIST_KEY_NSCameraUsageDescription = "CK Admin uses the camera to scan QR codes on assets, orders, and bookings.";
				INFOPLIST_KEY_UIApplicationSceneManifest_Generation = YES;
				INFOPLIST_KEY_UIApplicationSupportsIndirectInputEvents = YES;
				INFOPLIST_KEY_UILaunchScreen_Generation = YES;
				INFOPLIST_KEY_UISupportedInterfaceOrientations_iPad = "UIInterfaceOrientationPortrait UIInterfaceOrientationPortraitUpsideDown UIInterfaceOrientationLandscapeLeft UIInterfaceOrientationLandscapeRight";
				INFOPLIST_KEY_UISupportedInterfaceOrientations_iPhone = "UIInterfaceOrientationPortrait UIInterfaceOrientationLandscapeLeft UIInterfaceOrientationLandscapeRight";
				LD_RUNPATH_SEARCH_PATHS = (
					"$(inherited)",
					"@executable_path/Frameworks",
				);
				MARKETING_VERSION = 1.0;
				PRODUCT_BUNDLE_IDENTIFIER = com.ckenterprises.admin;
				SDKROOT = iphoneos;
				SWIFT_ACTIVE_COMPILATION_CONDITIONS = "$(inherited) DEBUG";
				SWIFT_EMIT_LOC_STRINGS = YES;
				SWIFT_OPTIMIZATION_LEVEL = "-Onone";
				TARGETED_DEVICE_FAMILY = "1,2";
			};
			name = Debug;
		};
/* End XCBuildConfiguration section */

/* Begin XCConfigurationList section */
		904E3651B8F601B5E8D61BA3 /* Build configuration list for PBXNativeTarget "CKAdmin" */ = {
			isa = XCConfigurationList;
			buildConfigurations = (
				D781F514D49A6AFA3FA1377E /* Debug */,
				D27BC2C67B91FF53CBF2AD15 /* Release */,
			);
			defaultConfigurationIsVisible = 0;
			defaultConfigurationName = Debug;
		};
		B9061E28166D89AE51949DA6 /* Build configuration list for PBXProject "CKAdmin" */ = {
			isa = XCConfigurationList;
			buildConfigurations = (
				1BBC5AFA36487EDE51F253FE /* Debug */,
				9B52E8C0C90507B50A3BDF79 /* Release */,
			);
			defaultConfigurationIsVisible = 0;
			defaultConfigurationName = Debug;
		};
/* End XCConfigurationList section */
	};
	rootObject = A7FB3039D9DFBE3CF71A6FA2 /* Project object */;
}
